
Microsoft Visual Studio Solution File, Format Version 12.00
# Visual Studio Version 17
VisualStudioVersion = 17.7.34031.279
MinimumVisualStudioVersion = 10.0.40219.1
Project("{FAE04EC0-301F-11D3-BF4B-00C04F79EFBC}") = "CustomerMvc", "CustomerMVC\CustomerMvc.csproj", "{CEC20D4A-0326-4D36-B070-5E5E3D3CF54B}"
EndProject
Project("{FAE04EC0-301F-11D3-BF4B-00C04F79EFBC}") = "CustomerMvc.Domain", "CustomerMvc.Domain\CustomerMvc.Domain.csproj", "{C8292841-5AEB-48B3-8EFD-6A2D3C59C88F}"
EndProject
Project("{FAE04EC0-301F-11D3-BF4B-00C04F79EFBC}") = "CustomerMvc.Business", "CustomerMvc.Business\CustomerMvc.Business.csproj", "{8B9CCD0D-B659-40F1-9E89-D8303EDEE64A}"
EndProject
Project("{9A19103F-16F7-4668-BE54-9A1E7A4F7556}") = "CustomerMvc.Tests", "CustomerMvc.Tests\CustomerMvc.Tests.csproj", "{0F7CE0A8-5F33-4509-A239-CC9C6CC8E202}"
EndProject
Global
	GlobalSection(SolutionConfigurationPlatforms) = preSolution
		Debug|Any CPU = Debug|Any CPU
		Release|Any CPU = Release|Any CPU
	EndGlobalSection
	GlobalSection(ProjectConfigurationPlatforms) = postSolution
		{CEC20D4A-0326-4D36-B070-5E5E3D3CF54B}.Debug|Any CPU.ActiveCfg = Debug|Any CPU
		{CEC20D4A-0326-4D36-B070-5E5E3D3CF54B}.Debug|Any CPU.Build.0 = Debug|Any CPU
		{CEC20D4A-0326-4D36-B070-5E5E3D3CF54B}.Release|Any CPU.ActiveCfg = Release|Any CPU
		{CEC20D4A-0326-4D36-B070-5E5E3D3CF54B}.Release|Any CPU.Build.0 = Release|Any CPU
		{C8292841-5AEB-48B3-8EFD-6A2D3C59C88F}.Debug|Any CPU.ActiveCfg = Debug|Any CPU
		{C8292841-5AEB-48B3-8EFD-6A2D3C59C88F}.Debug|Any CPU.Build.0 = Debug|Any CPU
		{C8292841-5AEB-48B3-8EFD-6A2D3C59C88F}.Release|Any CPU.ActiveCfg = Release|Any CPU
		{C8292841-5AEB-48B3-8EFD-6A2D3C59C88F}.Release|Any CPU.Build.0 = Release|Any CPU
		{8B9CCD0D-B659-40F1-9E89-D8303EDEE64A}.Debug|Any CPU.ActiveCfg = Debug|Any CPU
		{8B9CCD0D-B659-40F1-9E89-D8303EDEE64A}.Debug|Any CPU.Build.0 = Debug|Any CPU
		{8B9CCD0D-B659-40F1-9E89-D8303EDEE64A}.Release|Any CPU.ActiveCfg = Release|Any CPU
		{8B9CCD0D-B659-40F1-9E89-D8303EDEE64A}.Release|Any CPU.Build.0 = Release|Any CPU
		{0F7CE0A8-5F33-4509-A239-CC9C6CC8E202}.Debug|Any CPU.ActiveCfg = Debug|Any CPU
		{0F7CE0A8-5F33-4509-A239-CC9C6CC8E202}.Debug|Any CPU.Build.0 = Debug|Any CPU
		{0F7CE0A8-5F33-4509-A239-CC9C6CC8E202}.Release|Any CPU.ActiveCfg = Release|Any CPU
		{0F7CE0A8-5F33-4509-A239-CC9C6CC8E202}.Release|Any CPU.Build.0 = Release|Any CPU
	EndGlobalSection
	GlobalSection(SolutionProperties) = preSolution
		HideSolutionNode = FALSE
	EndGlobalSection
	GlobalSection(ExtensibilityGlobals) = postSolution
		SolutionGuid = {D4045AA1-C771-41D6-ABC3-D9C3220D3F6E}
	EndGlobalSection
EndGlobal
